{
  "name": "backend-for-fun",
  "version": "1.0.0",
  "lockfileVersion": 3,
  "requires": true,
  "packages": {
    "": {
      "name": "backend-for-fun",
      "version": "1.0.0",
      "license": "ISC",
      "dependencies": {
        "backend-for-fun": "file:"
      }
    },
    "node_modules/backend-for-fun": {
      "resolved": "",
      "link": true
    }
  }
}
